// !$*UTF8*$!
{
	archiveVersion = 1;
	classes = {
	};
	objectVersion = 55;
	objects = {

/* Begin PBXBuildFile section */
		FA10637127B0158D00C06B37 /* AppDelegate.swift in Sources */ = {isa = PBXBuildFile; fileRef = FA10637027B0158D00C06B37 /* AppDelegate.swift */; };
		FA10637327B0158D00C06B37 /* SceneDelegate.swift in Sources */ = {isa = PBXBuildFile; fileRef = FA10637227B0158D00C06B37 /* SceneDelegate.swift */; };
		FA10637527B0158D00C06B37 /* MapsViewController.swift in Sources */ = {isa = PBXBuildFile; fileRef = FA10637427B0158D00C06B37 /* MapsViewController.swift */; };
		FA10637827B0158D00C06B37 /* Main.storyboard in Resources */ = {isa = PBXBuildFile; fileRef = FA10637627B0158D00C06B37 /* Main.storyboard */; };
		FA10637B27B0158D00C06B37 /* HaritalarUygulamasi.xcdatamodeld in Sources */ = {isa = PBXBuildFile; fileRef = FA10637927B0158D00C06B37 /* HaritalarUygulamasi.xcdatamodeld */; };
		FA10637D27B0159000C06B37 /* Assets.xcassets in Resources */ = {isa = PBXBuildFile; fileRef = FA10637C27B0159000C06B37 /* Assets.xcassets */; };
		FA10638027B0159000C06B37 /* LaunchScreen.storyboard in Resources */ = {isa = PBXBuildFile; fileRef = FA10637E27B0159000C06B37 /* LaunchScreen.storyboard */; };
		FAA7270527B839F70097F35E /* ListViewController.swift in Sources */ = {isa = PBXBuildFile; fileRef = FAA7270427B839F70097F35E /* ListViewController.swift */; };
/* End PBXBuildFile section */

/* Begin PBXFileReference section */
		FA10636D27B0158D00C06B37 /* HaritalarUygulamasi.app */ = {isa = PBXFileReference; explicitFileType = wrapper.application; includeInIndex = 0; path = HaritalarUygulamasi.app; sourceTree = BUILT_PRODUCTS_DIR; };
		FA10637027B0158D00C06B37 /* AppDelegate.swift */ = {isa = PBXFileReference; lastKnownFileType = sourcecode.swift; path = AppDelegate.swift; sourceTree = "<group>"; };
		FA10637227B0158D00C06B37 /* SceneDelegate.swift */ = {isa = PBXFileReference; lastKnownFileType = sourcecode.swift; path = SceneDelegate.swift; sourceTree = "<group>"; };
		FA10637427B0158D00C06B37 /* MapsViewController.swift */ = {isa = PBXFileReference; lastKnownFileType = sourcecode.swift; path = MapsViewController.swift; sourceTree = "<group>"; };
		FA10637727B0158D00C06B37 /* Base */ = {isa = PBXFileReference; lastKnownFileType = file.storyboard; name = Base; path = Base.lproj/Main.storyboard; sourceTree = "<group>"; };
		FA10637A27B0158D00C06B37 /* HaritalarUygulamasi.xcdatamodel */ = {isa = PBXFileReference; lastKnownFileType = wrapper.xcdatamodel; path = HaritalarUygulamasi.xcdatamodel; sourceTree = "<group>"; };
		FA10637C27B0159000C06B37 /* Assets.xcassets */ = {isa = PBXFileReference; lastKnownFileType = folder.assetcatalog; path = Assets.xcassets; sourceTree = "<group>"; };
		FA10637F27B0159000C06B37 /* Base */ = {isa = PBXFileReference; lastKnownFileType = file.storyboard; name = Base; path = Base.lproj/LaunchScreen.storyboard; sourceTree = "<group>"; };
		FA10638127B0159000C06B37 /* Info.plist */ = {isa = PBXFileReference; lastKnownFileType = text.plist.xml; path = Info.plist; sourceTree = "<group>"; };
		FAA7270427B839F70097F35E /* ListViewController.swift */ = {isa = PBXFileReference; lastKnownFileType = sourcecode.swift; path = ListViewController.swift; sourceTree = "<group>"; };
/* End PBXFileReference section */

/* Begin PBXFrameworksBuildPhase section */
		FA10636A27B0158D00C06B37 /* Frameworks */ = {
			isa = PBXFrameworksBuildPhase;
			buildActionMask = 2147483647;
			files = (
			);
			runOnlyForDeploymentPostprocessing = 0;
		};
/* End PBXFrameworksBuildPhase section */

/* Begin PBXGroup section */
		FA10636427B0158D00C06B37 = {
			isa = PBXGroup;
			children = (
				FA10636F27B0158D00C06B37 /* HaritalarUygulamasi */,
				FA10636E27B0158D00C06B37 /* Products */,
			);
			sourceTree = "<group>";
		};
		FA10636E27B0158D00C06B37 /* Products */ = {
			isa = PBXGroup;
			children = (
				FA10636D27B0158D00C06B37 /* HaritalarUygulamasi.app */,
			);
			name = Products;
			sourceTree = "<group>";
		};
		FA10636F27B0158D00C06B37 /* HaritalarUygulamasi */ = {
			isa = PBXGroup;
			children = (
				FA10637027B0158D00C06B37 /* AppDelegate.swift */,
				FA10637227B0158D00C06B37 /* SceneDelegate.swift */,
				FAA7270427B839F70097F35E /* ListViewController.swift */,
				FA10637427B0158D00C06B37 /* MapsViewController.swift */,
				FA10637627B0158D00C06B37 /* Main.storyboard */,
				FA10637C27B0159000C06B37 /* Assets.xcassets */,
				FA10637E27B0159000C06B37 /* LaunchScreen.storyboard */,
				FA10638127B0159000C06B37 /* Info.plist */,
				FA10637927B0158D00C06B37 /* HaritalarUygulamasi.xcdatamodeld */,
			);
			path = HaritalarUygulamasi;
			sourceTree = "<group>";
		};
/* End PBXGroup section */

/* Begin PBXNativeTarget section */
		FA10636C27B0158D00C06B37 /* HaritalarUygulamasi */ = {
			isa = PBXNativeTarget;
			buildConfigurationList = FA10638427B0159000C06B37 /* Build configuration list for PBXNativeTarget "HaritalarUygulamasi" */;
			buildPhases = (
				FA10636927B0158D00C06B37 /* Sources */,
				FA10636A27B0158D00C06B37 /* Frameworks */,
				FA10636B27B0158D00C06B37 /* Resources */,
			);
			buildRules = (
			);
			dependencies = (
			);
			name = HaritalarUygulamasi;
			productName = HaritalarUygulamasi;
			productReference = FA10636D27B0158D00C06B37 /* HaritalarUygulamasi.app */;
			productType = "com.apple.product-type.application";
		};
/* End PBXNativeTarget section */

/* Begin PBXProject section */
		FA10636527B0158D00C06B37 /* Project object */ = {
			isa = PBXProject;
			attributes = {
				BuildIndependentTargetsInParallel = 1;
				LastSwiftUpdateCheck = 1320;
				LastUpgradeCheck = 1320;
				TargetAttributes = {
					FA10636C27B0158D00C06B37 = {
						CreatedOnToolsVersion = 13.2.1;
					};
				};
			};
			buildConfigurationList = FA10636827B0158D00C06B37 /* Build configuration list for PBXProject "HaritalarUygulamasi" */;
			compatibilityVersion = "Xcode 13.0";
			developmentRegion = en;
			hasScannedForEncodings = 0;
			knownRegions = (
				en,
				Base,
			);
			mainGroup = FA10636427B0158D00C06B37;
			productRefGroup = FA10636E27B0158D00C06B37 /* Products */;
			projectDirPath = "";
			projectRoot = "";
			targets = (
				FA10636C27B0158D00C06B37 /* HaritalarUygulamasi */,
			);
		};
/* End PBXProject section */

/* Begin PBXResourcesBuildPhase section */
		FA10636B27B0158D00C06B37 /* Resources */ = {
			isa = PBXResourcesBuildPhase;
			buildActionMask = 2147483647;
			files = (
				FA10638027B0159000C06B37 /* LaunchScreen.storyboard in Resources */,
				FA10637D27B0159000C06B37 /* Assets.xcassets in Resources */,
				FA10637827B0158D00C06B37 /* Main.storyboard in Resources */,
			);
			runOnlyForDeploymentPostprocessing = 0;
		};
/* End PBXResourcesBuildPhase section */

/* Begin PBXSourcesBuildPhase section */
		FA10636927B0158D00C06B37 /* Sources */ = {
			isa = PBXSourcesBuildPhase;
			buildActionMask = 2147483647;
			files = (
				FA10637527B0158D00C06B37 /* MapsViewController.swift in Sources */,
				FA10637127B0158D00C06B37 /* AppDelegate.swift in Sources */,
				FA10637B27B0158D00C06B37 /* HaritalarUygulamasi.xcdatamodeld in Sources */,
				FAA7270527B839F70097F35E /* ListViewController.swift in Sources */,
				FA10637327B0158D00C06B37 /* SceneDelegate.swift in Sources */,
			);
			runOnlyForDeploymentPostprocessing = 0;
		};
/* End PBXSourcesBuildPhase section */

/* Begin PBXVariantGroup section */
		FA10637627B0158D00C06B37 /* Main.storyboard */ = {
			isa = PBXVariantGroup;
			children = (
				FA10637727B0158D00C06B37 /* Base */,
			);
			name = Main.storyboard;
			sourceTree = "<group>";
		};
		FA10637E27B0159000C06B37 /* LaunchScreen.storyboard */ = {
			isa = PBXVariantGroup;
			children = (
				FA10637F27B0159000C06B37 /* Base */,
			);
			name = LaunchScreen.storyboard;
			sourceTree = "<group>";
		};
/* End PBXVariantGroup section */

/* Begin XCBuildConfiguration section */
		FA10638227B0159000C06B37 /* Debug */ = {
			isa = XCBuildConfiguration;
			buildSettings = {
				ALWAYS_SEARCH_USER_PATHS = NO;
				CLANG_ANALYZER_NONNULL = YES;
				CLANG_ANALYZER_NUMBER_OBJECT_CONVERSION = YES_AGGRESSIVE;
				CLANG_CXX_LANGUAGE_STANDARD = "gnu++17";
				CLANG_CXX_LIBRARY = "libc++";
				CLANG_ENABLE_MODULES = YES;
				CLANG_ENABLE_OBJC_ARC = YES;
				CLANG_ENABLE_OBJC_WEAK = YES;
				CLANG_WARN_BLOCK_CAPTURE_AUTORELEASING = YES;
				CLANG_WARN_BOOL_CONVERSION = YES;
				CLANG_WARN_COMMA = YES;
				CLANG_WARN_CONSTANT_CONVERSION = YES;
				CLANG_WARN_DEPRECATED_OBJC_IMPLEMENTATIONS = YES;
				CLANG_WARN_DIRECT_OBJC_ISA_USAGE = YES_ERROR;
				CLANG_WARN_DOCUMENTATION_COMMENTS = YES;
				CLANG_WARN_EMPTY_BODY = YES;
				CLANG_WARN_ENUM_CONVERSION = YES;
				CLANG_WARN_INFINITE_RECURSION = YES;
				CLANG_WARN_INT_CONVERSION = YES;
				CLANG_WARN_NON_LITERAL_NULL_CONVERSION = YES;
				CLANG_WARN_OBJC_IMPLICIT_RETAIN_SELF = YES;
				CLANG_WARN_OBJC_LITERAL_CONVERSION = YES;
				CLANG_WARN_OBJC_ROOT_CLASS = YES_ERROR;
				CLANG_WARN_QUOTED_INCLUDE_IN_FRAMEWORK_HEADER = YES;
				CLANG_WARN_RANGE_LOOP_ANALYSIS = YES;
				CLANG_WARN_STRICT_PROTOTYPES = YES;
				CLANG_WARN_SUSPICIOUS_MOVE = YES;
				CLANG_WARN_UNGUARDED_AVAILABILITY = YES_AGGRESSIVE;
				CLANG_WARN_UNREACHABLE_CODE = YES;
				CLANG_WARN__DUPLICATE_METHOD_MATCH = YES;
				COPY_PHASE_STRIP = NO;
				DEBUG_INFORMATION_FORMAT = dwarf;
				ENABLE_STRICT_OBJC_MSGSEND = YES;
				ENABLE_TESTABILITY = YES;
				GCC_C_LANGUAGE_STANDARD = gnu11;
				GCC_DYNAMIC_NO_PIC = NO;
				GCC_NO_COMMON_BLOCKS = YES;
				GCC_OPTIMIZATION_LEVEL = 0;
				GCC_PREPROCESSOR_DEFINITIONS = (
					"DEBUG=1",
					"$(inherited)",
				);
				GCC_WARN_64_TO_32_BIT_CONVERSION = YES;
				GCC_WARN_ABOUT_RETURN_TYPE = YES_ERROR;
				GCC_WARN_UNDECLARED_SELECTOR = YES;
				GCC_WARN_UNINITIALIZED_AUTOS = YES_AGGRESSIVE;
				GCC_WARN_UNUSED_FUNCTION = YES;
				GCC_WARN_UNUSED_VARIABLE = YES;
				IPHONEOS_DEPLOYMENT_TARGET = 15.2;
				MTL_ENABLE_DEBUG_INFO = INCLUDE_SOURCE;
				MTL_FAST_MATH = YES;
				ONLY_ACTIVE_ARCH = YES;
				SDKROOT = iphoneos;
				SWIFT_ACTIVE_COMPILATION_CONDITIONS = DEBUG;
				SWIFT_OPTIMIZATION_LEVEL = "-Onone";
			};
			name = Debug;
		};
		FA10638327B0159000C06B37 /* Release */ = {
			isa = XCBuildConfiguration;
			buildSettings = {
				ALWAYS_SEARCH_USER_PATHS = NO;
				CLANG_ANALYZER_NONNULL = YES;
				CLANG_ANALYZER_NUMBER_OBJECT_CONVERSION = YES_AGGRESSIVE;
				CLANG_CXX_LANGUAGE_STANDARD = "gnu++17";
				CLANG_CXX_LIBRARY = "libc++";
				CLANG_ENABLE_MODULES = YES;
				CLANG_ENABLE_OBJC_ARC = YES;
				CLANG_ENABLE_OBJC_WEAK = YES;
				CLANG_WARN_BLOCK_CAPTURE_AUTORELEASING = YES;
				CLANG_WARN_BOOL_CONVERSION = YES;
				CLANG_WARN_COMMA = YES;
				CLANG_WARN_CONSTANT_CONVERSION = YES;
				CLANG_WARN_DEPRECATED_OBJC_IMPLEMENTATIONS = YES;
				CLANG_WARN_DIRECT_OBJC_ISA_USAGE = YES_ERROR;
				CLANG_WARN_DOCUMENTATION_COMMENTS = YES;
				CLANG_WARN_EMPTY_BODY = YES;
				CLANG_WARN_ENUM_CONVERSION = YES;
				CLANG_WARN_INFINITE_RECURSION = YES;
				CLANG_WARN_INT_CONVERSION = YES;
				CLANG_WARN_NON_LITERAL_NULL_CONVERSION = YES;
				CLANG_WARN_OBJC_IMPLICIT_RETAIN_SELF = YES;
				CLANG_WARN_OBJC_LITERAL_CONVERSION = YES;
				CLANG_WARN_OBJC_ROOT_CLASS = YES_ERROR;
				CLANG_WARN_QUOTED_INCLUDE_IN_FRAMEWORK_HEADER = YES;
				CLANG_WARN_RANGE_LOOP_ANALYSIS = YES;
				CLANG_WARN_STRICT_PROTOTYPES = YES;
				CLANG_WARN_SUSPICIOUS_MOVE = YES;
				CLANG_WARN_UNGUARDED_AVAILABILITY = YES_AGGRESSIVE;
				CLANG_WARN_UNREACHABLE_CODE = YES;
				CLANG_WARN__DUPLICATE_METHOD_MATCH = YES;
				COPY_PHASE_STRIP = NO;
				DEBUG_INFORMATION_FORMAT = "dwarf-with-dsym";
				ENABLE_NS_ASSERTIONS = NO;
				ENABLE_STRICT_OBJC_MSGSEND = YES;
				GCC_C_LANGUAGE_STANDARD = gnu11;
				GCC_NO_COMMON_BLOCKS = YES;
				GCC_WARN_64_TO_32_BIT_CONVERSION = YES;
				GCC_WARN_ABOUT_RETURN_TYPE = YES_ERROR;
				GCC_WARN_UNDECLARED_SELECTOR = YES;
				GCC_WARN_UNINITIALIZED_AUTOS = YES_AGGRESSIVE;
				GCC_WARN_UNUSED_FUNCTION = YES;
				GCC_WARN_UNUSED_VARIABLE = YES;
				IPHONEOS_DEPLOYMENT_TARGET = 15.2;
				MTL_ENABLE_DEBUG_INFO = NO;
				MTL_FAST_MATH = YES;
				SDKROOT = iphoneos;
				SWIFT_COMPILATION_MODE = wholemodule;
				SWIFT_OPTIMIZATION_LEVEL = "-O";
				VALIDATE_PRODUCT = YES;
			};
			name = Release;
		};
		FA10638527B0159000C06B37 /* Debug */ = {
			isa = XCBuildConfiguration;
			buildSettings = {
				ASSETCATALOG_COMPILER_APPICON_NAME = AppIcon;
				ASSETCATALOG_COMPILER_GLOBAL_ACCENT_COLOR_NAME = AccentColor;
				CODE_SIGN_STYLE = Automatic;
				CURRENT_PROJECT_VERSION = 1;
				DEVELOPMENT_TEAM = 2595SK9L74;
				GENERATE_INFOPLIST_FILE = YES;
				INFOPLIST_FILE = HaritalarUygulamasi/Info.plist;
				INFOPLIST_KEY_UIApplicationSupportsIndirectInputEvents = YES;
				INFOPLIST_KEY_UILaunchStoryboardName = LaunchScreen;
				INFOPLIST_KEY_UIMainStoryboardFile = Main;
				INFOPLIST_KEY_UISupportedInterfaceOrientations_iPad = "UIInterfaceOrientationPortrait UIInterfaceOrientationPortraitUpsideDown UIInterfaceOrientationLandscapeLeft UIInterfaceOrientationLandscapeRight";
				INFOPLIST_KEY_UISupportedInterfaceOrientations_iPhone = "UIInterfaceOrientationPortrait UIInterfaceOrientationLandscapeLeft UIInterfaceOrientationLandscapeRight";
				LD_RUNPATH_SEARCH_PATHS = (
					"$(inherited)",
					"@executable_path/Frameworks",
				);
				MARKETING_VERSION = 1.0;
				PRODUCT_BUNDLE_IDENTIFIER = com.rukiyesenturk.HaritalarUygulamasi;
				PRODUCT_NAME = "$(TARGET_NAME)";
				SWIFT_EMIT_LOC_STRINGS = YES;
				SWIFT_VERSION = 5.0;
				TARGETED_DEVICE_FAMILY = "1,2";
			};
			name = Debug;
		};
		FA10638627B0159000C06B37 /* Release */ = {
			isa = XCBuildConfiguration;
			buildSettings = {
				ASSETCATALOG_COMPILER_APPICON_NAME = AppIcon;
				ASSETCATALOG_COMPILER_GLOBAL_ACCENT_COLOR_NAME = AccentColor;
				CODE_SIGN_STYLE = Automatic;
				CURRENT_PROJECT_VERSION = 1;
				DEVELOPMENT_TEAM = 2595SK9L74;
				GENERATE_INFOPLIST_FILE = YES;
				INFOPLIST_FILE = HaritalarUygulamasi/Info.plist;
				INFOPLIST_KEY_UIApplicationSupportsIndirectInputEvents = YES;
				INFOPLIST_KEY_UILaunchStoryboardName = LaunchScreen;
				INFOPLIST_KEY_UIMainStoryboardFile = Main;
				INFOPLIST_KEY_UISupportedInterfaceOrientations_iPad = "UIInterfaceOrientationPortrait UIInterfaceOrientationPortraitUpsideDown UIInterfaceOrientationLandscapeLeft UIInterfaceOrientationLandscapeRight";
				INFOPLIST_KEY_UISupportedInterfaceOrientations_iPhone = "UIInterfaceOrientationPortrait UIInterfaceOrientationLandscapeLeft UIInterfaceOrientationLandscapeRight";
				LD_RUNPATH_SEARCH_PATHS = (
					"$(inherited)",
					"@executable_path/Frameworks",
				);
				MARKETING_VERSION = 1.0;
				PRODUCT_BUNDLE_IDENTIFIER = com.rukiyesenturk.HaritalarUygulamasi;
				PRODUCT_NAME = "$(TARGET_NAME)";
				SWIFT_EMIT_LOC_STRINGS = YES;
				SWIFT_VERSION = 5.0;
				TARGETED_DEVICE_FAMILY = "1,2";
			};
			name = Release;
		};
/* End XCBuildConfiguration section */

/* Begin XCConfigurationList section */
		FA10636827B0158D00C06B37 /* Build configuration list for PBXProject "HaritalarUygulamasi" */ = {
			isa = XCConfigurationList;
			buildConfigurations = (
				FA10638227B0159000C06B37 /* Debug */,
				FA10638327B0159000C06B37 /* Release */,
			);
			defaultConfigurationIsVisible = 0;
			defaultConfigurationName = Release;
		};
		FA10638427B0159000C06B37 /* Build configuration list for PBXNativeTarget "HaritalarUygulamasi" */ = {
			isa = XCConfigurationList;
			buildConfigurations = (
				FA10638527B0159000C06B37 /* Debug */,
				FA10638627B0159000C06B37 /* Release */,
			);
			defaultConfigurationIsVisible = 0;
			defaultConfigurationName = Release;
		};
/* End XCConfigurationList section */

/* Begin XCVersionGroup section */
		FA10637927B0158D00C06B37 /* HaritalarUygulamasi.xcdatamodeld */ = {
			isa = XCVersionGroup;
			children = (
				FA10637A27B0158D00C06B37 /* HaritalarUygulamasi.xcdatamodel */,
			);
			currentVersion = FA10637A27B0158D00C06B37 /* HaritalarUygulamasi.xcdatamodel */;
			path = HaritalarUygulamasi.xcdatamodeld;
			sourceTree = "<group>";
			versionGroupType = wrapper.xcdatamodel;
		};
/* End XCVersionGroup section */
	};
	rootObject = FA10636527B0158D00C06B37 /* Project object */;
}
